
Microsoft Visual Studio Solution File, Format Version 12.00
# Visual Studio 14
VisualStudioVersion = 14.0.24720.0
MinimumVisualStudioVersion = 10.0.40219.1
Project("{FAE04EC0-301F-11D3-BF4B-00C04F79EFBC}") = "Hooq", "Hooq\Hooq.csproj", "{F9A8C6D2-9357-412E-98C7-D708B562E6F8}"
EndProject
Project("{FAE04EC0-301F-11D3-BF4B-00C04F79EFBC}") = "Hooq.TestApp", "Hooq.TestApp\Hooq.TestApp.csproj", "{99A9EF26-A672-4F37-A28F-1C7AC9B473F3}"
EndProject
Global
	GlobalSection(SolutionConfigurationPlatforms) = preSolution
		Debug|Any CPU = Debug|Any CPU
		Release|Any CPU = Release|Any CPU
	EndGlobalSection
	GlobalSection(ProjectConfigurationPlatforms) = postSolution
		{F9A8C6D2-9357-412E-98C7-D708B562E6F8}.Debug|Any CPU.ActiveCfg = Debug|Any CPU
		{F9A8C6D2-9357-412E-98C7-D708B562E6F8}.Debug|Any CPU.Build.0 = Debug|Any CPU
		{F9A8C6D2-9357-412E-98C7-D708B562E6F8}.Release|Any CPU.ActiveCfg = Release|Any CPU
		{F9A8C6D2-9357-412E-98C7-D708B562E6F8}.Release|Any CPU.Build.0 = Release|Any CPU
		{99A9EF26-A672-4F37-A28F-1C7AC9B473F3}.Debug|Any CPU.ActiveCfg = Debug|Any CPU
		{99A9EF26-A672-4F37-A28F-1C7AC9B473F3}.Debug|Any CPU.Build.0 = Debug|Any CPU
		{99A9EF26-A672-4F37-A28F-1C7AC9B473F3}.Release|Any CPU.ActiveCfg = Release|Any CPU
		{99A9EF26-A672-4F37-A28F-1C7AC9B473F3}.Release|Any CPU.Build.0 = Release|Any CPU
	EndGlobalSection
	GlobalSection(SolutionProperties) = preSolution
		HideSolutionNode = FALSE
	EndGlobalSection
EndGlobal
